
Microsoft Visual Studio Solution File, Format Version 12.00
# Visual Studio Version 17
VisualStudioVersion = 17.0.31903.59
MinimumVisualStudioVersion = 10.0.40219.1
Project("{FAE04EC0-301F-11D3-BF4B-00C04F79EFBC}") = "PromptUI", "PromptUI\PromptUI.csproj", "{D63E0772-EACF-4810-9F5F-E23F06C956E7}"
EndProject
Project("{FAE04EC0-301F-11D3-BF4B-00C04F79EFBC}") = "PromptBE", "PromptBE\PromptBE.csproj", "{1E54185C-5DF9-442E-92EE-273B4E464965}"
EndProject
Project("{FAE04EC0-301F-11D3-BF4B-00C04F79EFBC}") = "PromptVectorIngestion", "PromptVectorIngestion\PromptVectorIngestion.csproj", "{76227235-80C7-4681-B2DF-9CD09EC69D34}"
EndProject
Project("{FAE04EC0-301F-11D3-BF4B-00C04F79EFBC}") = "PromptChatbot", "PromptChatbot\PromptChatbot.csproj", "{905674BF-7881-4011-8420-2E75BB80E23C}"
EndProject
Global
	GlobalSection(SolutionConfigurationPlatforms) = preSolution
		Debug|Any CPU = Debug|Any CPU
		Debug|x64 = Debug|x64
		Debug|x86 = Debug|x86
		Release|Any CPU = Release|Any CPU
		Release|x64 = Release|x64
		Release|x86 = Release|x86
	EndGlobalSection
	GlobalSection(ProjectConfigurationPlatforms) = postSolution
		{D63E0772-EACF-4810-9F5F-E23F06C956E7}.Debug|Any CPU.ActiveCfg = Debug|Any CPU
		{D63E0772-EACF-4810-9F5F-E23F06C956E7}.Debug|Any CPU.Build.0 = Debug|Any CPU
		{D63E0772-EACF-4810-9F5F-E23F06C956E7}.Debug|x64.ActiveCfg = Debug|Any CPU
		{D63E0772-EACF-4810-9F5F-E23F06C956E7}.Debug|x64.Build.0 = Debug|Any CPU
		{D63E0772-EACF-4810-9F5F-E23F06C956E7}.Debug|x86.ActiveCfg = Debug|Any CPU
		{D63E0772-EACF-4810-9F5F-E23F06C956E7}.Debug|x86.Build.0 = Debug|Any CPU
		{D63E0772-EACF-4810-9F5F-E23F06C956E7}.Release|Any CPU.ActiveCfg = Release|Any CPU
		{D63E0772-EACF-4810-9F5F-E23F06C956E7}.Release|Any CPU.Build.0 = Release|Any CPU
		{D63E0772-EACF-4810-9F5F-E23F06C956E7}.Release|x64.ActiveCfg = Release|Any CPU
		{D63E0772-EACF-4810-9F5F-E23F06C956E7}.Release|x64.Build.0 = Release|Any CPU
		{D63E0772-EACF-4810-9F5F-E23F06C956E7}.Release|x86.ActiveCfg = Release|Any CPU
		{D63E0772-EACF-4810-9F5F-E23F06C956E7}.Release|x86.Build.0 = Release|Any CPU
		{1E54185C-5DF9-442E-92EE-273B4E464965}.Debug|Any CPU.ActiveCfg = Debug|Any CPU
		{1E54185C-5DF9-442E-92EE-273B4E464965}.Debug|Any CPU.Build.0 = Debug|Any CPU
		{1E54185C-5DF9-442E-92EE-273B4E464965}.Debug|x64.ActiveCfg = Debug|Any CPU
		{1E54185C-5DF9-442E-92EE-273B4E464965}.Debug|x64.Build.0 = Debug|Any CPU
		{1E54185C-5DF9-442E-92EE-273B4E464965}.Debug|x86.ActiveCfg = Debug|Any CPU
		{1E54185C-5DF9-442E-92EE-273B4E464965}.Debug|x86.Build.0 = Debug|Any CPU
		{1E54185C-5DF9-442E-92EE-273B4E464965}.Release|Any CPU.ActiveCfg = Release|Any CPU
		{1E54185C-5DF9-442E-92EE-273B4E464965}.Release|Any CPU.Build.0 = Release|Any CPU
		{1E54185C-5DF9-442E-92EE-273B4E464965}.Release|x64.ActiveCfg = Release|Any CPU
		{1E54185C-5DF9-442E-92EE-273B4E464965}.Release|x64.Build.0 = Release|Any CPU
		{1E54185C-5DF9-442E-92EE-273B4E464965}.Release|x86.ActiveCfg = Release|Any CPU
		{1E54185C-5DF9-442E-92EE-273B4E464965}.Release|x86.Build.0 = Release|Any CPU
		{76227235-80C7-4681-B2DF-9CD09EC69D34}.Debug|Any CPU.ActiveCfg = Debug|Any CPU
		{76227235-80C7-4681-B2DF-9CD09EC69D34}.Debug|Any CPU.Build.0 = Debug|Any CPU
		{76227235-80C7-4681-B2DF-9CD09EC69D34}.Debug|x64.ActiveCfg = Debug|Any CPU
		{76227235-80C7-4681-B2DF-9CD09EC69D34}.Debug|x64.Build.0 = Debug|Any CPU
		{76227235-80C7-4681-B2DF-9CD09EC69D34}.Debug|x86.ActiveCfg = Debug|Any CPU
		{76227235-80C7-4681-B2DF-9CD09EC69D34}.Debug|x86.Build.0 = Debug|Any CPU
		{76227235-80C7-4681-B2DF-9CD09EC69D34}.Release|Any CPU.ActiveCfg = Release|Any CPU
		{76227235-80C7-4681-B2DF-9CD09EC69D34}.Release|Any CPU.Build.0 = Release|Any CPU
		{76227235-80C7-4681-B2DF-9CD09EC69D34}.Release|x64.ActiveCfg = Release|Any CPU
		{76227235-80C7-4681-B2DF-9CD09EC69D34}.Release|x64.Build.0 = Release|Any CPU
		{76227235-80C7-4681-B2DF-9CD09EC69D34}.Release|x86.ActiveCfg = Release|Any CPU
		{76227235-80C7-4681-B2DF-9CD09EC69D34}.Release|x86.Build.0 = Release|Any CPU
		{905674BF-7881-4011-8420-2E75BB80E23C}.Debug|Any CPU.ActiveCfg = Debug|Any CPU
		{905674BF-7881-4011-8420-2E75BB80E23C}.Debug|Any CPU.Build.0 = Debug|Any CPU
		{905674BF-7881-4011-8420-2E75BB80E23C}.Debug|x64.ActiveCfg = Debug|Any CPU
		{905674BF-7881-4011-8420-2E75BB80E23C}.Debug|x64.Build.0 = Debug|Any CPU
		{905674BF-7881-4011-8420-2E75BB80E23C}.Debug|x86.ActiveCfg = Debug|Any CPU
		{905674BF-7881-4011-8420-2E75BB80E23C}.Debug|x86.Build.0 = Debug|Any CPU
		{905674BF-7881-4011-8420-2E75BB80E23C}.Release|Any CPU.ActiveCfg = Release|Any CPU
		{905674BF-7881-4011-8420-2E75BB80E23C}.Release|Any CPU.Build.0 = Release|Any CPU
		{905674BF-7881-4011-8420-2E75BB80E23C}.Release|x64.ActiveCfg = Release|Any CPU
		{905674BF-7881-4011-8420-2E75BB80E23C}.Release|x64.Build.0 = Release|Any CPU
		{905674BF-7881-4011-8420-2E75BB80E23C}.Release|x86.ActiveCfg = Release|Any CPU
		{905674BF-7881-4011-8420-2E75BB80E23C}.Release|x86.Build.0 = Release|Any CPU
	EndGlobalSection
	GlobalSection(SolutionProperties) = preSolution
		HideSolutionNode = FALSE
	EndGlobalSection
EndGlobal
